
Microsoft Visual Studio Solution File, Format Version 12.00
# Visual Studio Version 17
VisualStudioVersion = 17.4.33213.308
MinimumVisualStudioVersion = 10.0.40219.1
Project("{FAE04EC0-301F-11D3-BF4B-00C04F79EFBC}") = "jaffChat.Server", "jaffChat\Server\jaffChat.Server.csproj", "{0D47E21A-44F0-48AB-BE57-E5F6393BAA5B}"
EndProject
Project("{FAE04EC0-301F-11D3-BF4B-00C04F79EFBC}") = "jaffChat.Client", "jaffChat\Client\jaffChat.Client.csproj", "{70E7A36A-C025-4424-8FCE-B953F4634575}"
EndProject
Project("{FAE04EC0-301F-11D3-BF4B-00C04F79EFBC}") = "jaffChat.Shared", "jaffChat\Shared\jaffChat.Shared.csproj", "{7B7CEE60-D699-45D7-B7E3-4353CA4126F0}"
EndProject
Global
	GlobalSection(SolutionConfigurationPlatforms) = preSolution
		Debug|Any CPU = Debug|Any CPU
		Release|Any CPU = Release|Any CPU
	EndGlobalSection
	GlobalSection(ProjectConfigurationPlatforms) = postSolution
		{0D47E21A-44F0-48AB-BE57-E5F6393BAA5B}.Debug|Any CPU.ActiveCfg = Debug|Any CPU
		{0D47E21A-44F0-48AB-BE57-E5F6393BAA5B}.Debug|Any CPU.Build.0 = Debug|Any CPU
		{0D47E21A-44F0-48AB-BE57-E5F6393BAA5B}.Release|Any CPU.ActiveCfg = Release|Any CPU
		{0D47E21A-44F0-48AB-BE57-E5F6393BAA5B}.Release|Any CPU.Build.0 = Release|Any CPU
		{70E7A36A-C025-4424-8FCE-B953F4634575}.Debug|Any CPU.ActiveCfg = Debug|Any CPU
		{70E7A36A-C025-4424-8FCE-B953F4634575}.Debug|Any CPU.Build.0 = Debug|Any CPU
		{70E7A36A-C025-4424-8FCE-B953F4634575}.Release|Any CPU.ActiveCfg = Release|Any CPU
		{70E7A36A-C025-4424-8FCE-B953F4634575}.Release|Any CPU.Build.0 = Release|Any CPU
		{7B7CEE60-D699-45D7-B7E3-4353CA4126F0}.Debug|Any CPU.ActiveCfg = Debug|Any CPU
		{7B7CEE60-D699-45D7-B7E3-4353CA4126F0}.Debug|Any CPU.Build.0 = Debug|Any CPU
		{7B7CEE60-D699-45D7-B7E3-4353CA4126F0}.Release|Any CPU.ActiveCfg = Release|Any CPU
		{7B7CEE60-D699-45D7-B7E3-4353CA4126F0}.Release|Any CPU.Build.0 = Release|Any CPU
	EndGlobalSection
	GlobalSection(SolutionProperties) = preSolution
		HideSolutionNode = FALSE
	EndGlobalSection
	GlobalSection(ExtensibilityGlobals) = postSolution
		SolutionGuid = {586CE00C-FFD1-478C-96FF-7243618B94C9}
	EndGlobalSection
EndGlobal
